{
  "nodes": {
    "nix-node-fod": {
      "locked": {
        "lastModified": 1614661189,
        "narHash": "sha256-fkI5VLcXiTHOYYLoROwDl3HunUiE2fXbNGi2WGyWHfo=",
        "owner": "mkg20001",
        "repo": "nix-node-fod",
        "rev": "0734ffab49d1ffb4b81d362e10786efcb34fe192",
        "type": "github"
      },
      "original": {
        "owner": "mkg20001",
        "ref": "master",
        "repo": "nix-node-fod",
        "type": "github"
      }
    },
    "nix-node-package": {
      "locked": {
        "lastModified": 1614593211,
        "narHash": "sha256-ILAiSTkL8FOGrG3SvI7oOCciZqY6XYaVsP6uIq+bV4c=",
        "owner": "mkg20001",
        "repo": "nix-node-package",
        "rev": "89e18113a992c2882d6a312cc82ecc088d0081ce",
        "type": "github"
      },
      "original": {
        "owner": "mkg20001",
        "ref": "master",
        "repo": "nix-node-package",
        "type": "github"
      }
    },
    "nixpkgs": {
      "locked": {
        "lastModified": 1618530127,
        "narHash": "sha256-jQPk7XpabppYa+GIO5LVTtUFhHq/VqHhPggwIKhTCnQ=",
        "owner": "nixos",
        "repo": "nixpkgs",
        "rev": "294d1925af6462e55c76b49624b983036f0093b9",
        "type": "github"
      },
      "original": {
        "owner": "nixos",
        "ref": "nixpkgs-unstable",
        "repo": "nixpkgs",
        "type": "github"
      }
    },
    "root": {
      "inputs": {
        "nix-node-fod": "nix-node-fod",
        "nixpkgs": "nixpkgs",
        "speelycaptor": "speelycaptor"
      }
    },
    "speelycaptor": {
      "inputs": {
        "nix-node-package": "nix-node-package",
        "nixpkgs": [
          "nixpkgs"
        ]
      },
      "locked": {
        "lastModified": 1618671146,
        "narHash": "sha256-85giiPeDxarBlf/XoIRxdLNVwxtmoUubxirysshpVtM=",
        "owner": "mkg20001",
        "repo": "speelycaptor-hapi",
        "rev": "22c8ab54b7051a0f339a7a522905887d9647d0fb",
        "type": "github"
      },
      "original": {
        "owner": "mkg20001",
        "ref": "master",
        "repo": "speelycaptor-hapi",
        "type": "github"
      }
    }
  },
  "root": "root",
  "version": 7
}
