{
  "nodes": {
    "nix-node-fod": {
      "locked": {
        "lastModified": 1614601394,
        "narHash": "sha256-IRid1SELB6nhN/sQmJo2cJrOcuOyF2QPhoxEcXdoUN4=",
        "owner": "mkg20001",
        "repo": "nix-node-fod",
        "rev": "3df4a138c2d355503d74863b7fb05c7643cbb3d3",
        "type": "github"
      },
      "original": {
        "owner": "mkg20001",
        "ref": "master",
        "repo": "nix-node-fod",
        "type": "github"
      }
    },
    "nixpkgs": {
      "locked": {
        "lastModified": 1614588159,
        "narHash": "sha256-0vpUVoWdZHHP7phY5+oXFKFyBhoNiVOv5VGAss9OgCE=",
        "owner": "mkg20001",
        "repo": "nixpkgs",
        "rev": "aac1960fee0f7eafa960d0133b3f240b56506c2c",
        "type": "github"
      },
      "original": {
        "owner": "mkg20001",
        "ref": "r_fix_build_mix",
        "repo": "nixpkgs",
        "type": "github"
      }
    },
    "root": {
      "inputs": {
        "nix-node-fod": "nix-node-fod",
        "nixpkgs": "nixpkgs"
      }
    }
  },
  "root": "root",
  "version": 7
}
