{
  "nodes": {
    "nix-node-fod": {
      "locked": {
        "lastModified": 1614661189,
        "narHash": "sha256-fkI5VLcXiTHOYYLoROwDl3HunUiE2fXbNGi2WGyWHfo=",
        "owner": "mkg20001",
        "repo": "nix-node-fod",
        "rev": "0734ffab49d1ffb4b81d362e10786efcb34fe192",
        "type": "github"
      },
      "original": {
        "owner": "mkg20001",
        "ref": "master",
        "repo": "nix-node-fod",
        "type": "github"
      }
    },
    "nixpkgs": {
      "locked": {
        "lastModified": 1615284363,
        "narHash": "sha256-6j8i8InHIBSYKYN3L+5mRXKbGlh5LYK4yhgUNTLxiVg=",
        "owner": "mkg20001",
        "repo": "nixpkgs",
        "rev": "62a7acf3bb10454cac53cf17896946ba7b4a470f",
        "type": "github"
      },
      "original": {
        "owner": "mkg20001",
        "ref": "fix_mix",
        "repo": "nixpkgs",
        "type": "github"
      }
    },
    "root": {
      "inputs": {
        "nix-node-fod": "nix-node-fod",
        "nixpkgs": "nixpkgs"
      }
    }
  },
  "root": "root",
  "version": 7
}
